<?xml version="1.0" encoding="UTF-8" standalone="yes" ?>
<CodeBlocks_project_file>
	<FileVersion major="1" minor="6" />
	<Project>
		<Option title="Test_JENWIN" />
		<Option pch_mode="2" />
		<Option compiler="gcc" />
		<Build>
			<Target title="Release">
				<Option output="Test_JENWIN" prefix_auto="1" extension_auto="1" />
				<Option object_output="obj/" />
				<Option type="0" />
				<Option compiler="gcc" />
			</Target>
		</Build>
		<Compiler>
			<Add option="-fexpensive-optimizations" />
			<Add option="-flto" />
			<Add option="-O3" />
			<Add option="-Wall" />
			<Add option="-fno-exceptions -DJDM_NO_SDL" />
		</Compiler>
		<Linker>
			<Add option="-O3" />
			<Add option="-flto" />
			<Add option="-s" />
			<Add option="-lgdi32 -lmsimg32 -lwinmm" />
		</Linker>
		<Unit filename="../JDM/JDM.cpp" />
		<Unit filename="../JDM/JDM.h" />
		<Unit filename="../JEN/JEN_WIN32.cpp" />
		<Unit filename="../JEN/JEN_WIN32.h" />
		<Unit filename="main.cpp">
			<Option compilerVar="CC" />
		</Unit>
		<Unit filename="main.h" />
		<Extensions>
			<code_completion />
			<envvars />
			<debugger />
			<lib_finder disable_auto="1" />
		</Extensions>
	</Project>
</CodeBlocks_project_file>
